
Microsoft Visual Studio Solution File, Format Version 12.00
# Visual Studio Version 17
VisualStudioVersion = 17.0.31903.59
MinimumVisualStudioVersion = 10.0.40219.1
Project("{2150E333-8FDC-42A3-9474-1A3956D46DE8}") = "src", "src", "{827E0CD3-B72D-47B6-A68D-7590B98EB39B}"
EndProject
Project("{FAE04EC0-301F-11D3-BF4B-00C04F79EFBC}") = "WebExplorer", "src\WebExplorer\WebExplorer.csproj", "{3D779978-A061-4D73-8E99-C44E4F535E98}"
EndProject
Project("{FAE04EC0-301F-11D3-BF4B-00C04F79EFBC}") = "WebExplorer.Extensions", "src\WebExplorer.Extensions\WebExplorer.Extensions.csproj", "{DECBD951-125B-4013-8676-F07605AE2B5C}"
EndProject
Project("{FAE04EC0-301F-11D3-BF4B-00C04F79EFBC}") = "WebExplorer.Content", "src\WebExplorer.Content\WebExplorer.Content.csproj", "{1329BE98-6EA2-47D5-9533-3563EB2FE0BB}"
EndProject
Project("{FAE04EC0-301F-11D3-BF4B-00C04F79EFBC}") = "WebExplorer.Cli", "src\WebExplorer.Cli\WebExplorer.Cli.csproj", "{A546D175-8767-4799-B9AA-D35922C00B79}"
EndProject
Project("{2150E333-8FDC-42A3-9474-1A3956D46DE8}") = "tests", "tests", "{0AB3BF05-4346-4AA6-1389-037BE0695223}"
EndProject
Project("{FAE04EC0-301F-11D3-BF4B-00C04F79EFBC}") = "WebExplorer.Tests.Unit", "tests\WebExplorer.Tests.Unit\WebExplorer.Tests.Unit.csproj", "{02FB50C1-B955-4287-B8EE-5EFC3D7D8C1B}"
EndProject
Project("{2150E333-8FDC-42A3-9474-1A3956D46DE8}") = "benchmarks", "benchmarks", "{66320409-64EC-F7C5-3DEF-65E7510DAAD1}"
EndProject
Project("{FAE04EC0-301F-11D3-BF4B-00C04F79EFBC}") = "WebExplorer.Benchmarks", "benchmarks\WebExplorer.Benchmarks\WebExplorer.Benchmarks.csproj", "{DFA0FE81-8813-4AD8-8C79-F60710F61F16}"
EndProject
Project("{FAE04EC0-301F-11D3-BF4B-00C04F79EFBC}") = "WebExplorer.Tests.Integration", "tests\WebExplorer.Tests.Integration\WebExplorer.Tests.Integration.csproj", "{0C734E36-F12E-4DE5-9AFA-321A142DEF7D}"
EndProject
Global
	GlobalSection(SolutionConfigurationPlatforms) = preSolution
		Debug|Any CPU = Debug|Any CPU
		Debug|x64 = Debug|x64
		Debug|x86 = Debug|x86
		Release|Any CPU = Release|Any CPU
		Release|x64 = Release|x64
		Release|x86 = Release|x86
	EndGlobalSection
	GlobalSection(ProjectConfigurationPlatforms) = postSolution
		{3D779978-A061-4D73-8E99-C44E4F535E98}.Debug|Any CPU.ActiveCfg = Debug|Any CPU
		{3D779978-A061-4D73-8E99-C44E4F535E98}.Debug|Any CPU.Build.0 = Debug|Any CPU
		{3D779978-A061-4D73-8E99-C44E4F535E98}.Debug|x64.ActiveCfg = Debug|Any CPU
		{3D779978-A061-4D73-8E99-C44E4F535E98}.Debug|x64.Build.0 = Debug|Any CPU
		{3D779978-A061-4D73-8E99-C44E4F535E98}.Debug|x86.ActiveCfg = Debug|Any CPU
		{3D779978-A061-4D73-8E99-C44E4F535E98}.Debug|x86.Build.0 = Debug|Any CPU
		{3D779978-A061-4D73-8E99-C44E4F535E98}.Release|Any CPU.ActiveCfg = Release|Any CPU
		{3D779978-A061-4D73-8E99-C44E4F535E98}.Release|Any CPU.Build.0 = Release|Any CPU
		{3D779978-A061-4D73-8E99-C44E4F535E98}.Release|x64.ActiveCfg = Release|Any CPU
		{3D779978-A061-4D73-8E99-C44E4F535E98}.Release|x64.Build.0 = Release|Any CPU
		{3D779978-A061-4D73-8E99-C44E4F535E98}.Release|x86.ActiveCfg = Release|Any CPU
		{3D779978-A061-4D73-8E99-C44E4F535E98}.Release|x86.Build.0 = Release|Any CPU
		{DECBD951-125B-4013-8676-F07605AE2B5C}.Debug|Any CPU.ActiveCfg = Debug|Any CPU
		{DECBD951-125B-4013-8676-F07605AE2B5C}.Debug|Any CPU.Build.0 = Debug|Any CPU
		{DECBD951-125B-4013-8676-F07605AE2B5C}.Debug|x64.ActiveCfg = Debug|Any CPU
		{DECBD951-125B-4013-8676-F07605AE2B5C}.Debug|x64.Build.0 = Debug|Any CPU
		{DECBD951-125B-4013-8676-F07605AE2B5C}.Debug|x86.ActiveCfg = Debug|Any CPU
		{DECBD951-125B-4013-8676-F07605AE2B5C}.Debug|x86.Build.0 = Debug|Any CPU
		{DECBD951-125B-4013-8676-F07605AE2B5C}.Release|Any CPU.ActiveCfg = Release|Any CPU
		{DECBD951-125B-4013-8676-F07605AE2B5C}.Release|Any CPU.Build.0 = Release|Any CPU
		{DECBD951-125B-4013-8676-F07605AE2B5C}.Release|x64.ActiveCfg = Release|Any CPU
		{DECBD951-125B-4013-8676-F07605AE2B5C}.Release|x64.Build.0 = Release|Any CPU
		{DECBD951-125B-4013-8676-F07605AE2B5C}.Release|x86.ActiveCfg = Release|Any CPU
		{DECBD951-125B-4013-8676-F07605AE2B5C}.Release|x86.Build.0 = Release|Any CPU
		{1329BE98-6EA2-47D5-9533-3563EB2FE0BB}.Debug|Any CPU.ActiveCfg = Debug|Any CPU
		{1329BE98-6EA2-47D5-9533-3563EB2FE0BB}.Debug|Any CPU.Build.0 = Debug|Any CPU
		{1329BE98-6EA2-47D5-9533-3563EB2FE0BB}.Debug|x64.ActiveCfg = Debug|Any CPU
		{1329BE98-6EA2-47D5-9533-3563EB2FE0BB}.Debug|x64.Build.0 = Debug|Any CPU
		{1329BE98-6EA2-47D5-9533-3563EB2FE0BB}.Debug|x86.ActiveCfg = Debug|Any CPU
		{1329BE98-6EA2-47D5-9533-3563EB2FE0BB}.Debug|x86.Build.0 = Debug|Any CPU
		{1329BE98-6EA2-47D5-9533-3563EB2FE0BB}.Release|Any CPU.ActiveCfg = Release|Any CPU
		{1329BE98-6EA2-47D5-9533-3563EB2FE0BB}.Release|Any CPU.Build.0 = Release|Any CPU
		{1329BE98-6EA2-47D5-9533-3563EB2FE0BB}.Release|x64.ActiveCfg = Release|Any CPU
		{1329BE98-6EA2-47D5-9533-3563EB2FE0BB}.Release|x64.Build.0 = Release|Any CPU
		{1329BE98-6EA2-47D5-9533-3563EB2FE0BB}.Release|x86.ActiveCfg = Release|Any CPU
		{1329BE98-6EA2-47D5-9533-3563EB2FE0BB}.Release|x86.Build.0 = Release|Any CPU
		{A546D175-8767-4799-B9AA-D35922C00B79}.Debug|Any CPU.ActiveCfg = Debug|Any CPU
		{A546D175-8767-4799-B9AA-D35922C00B79}.Debug|Any CPU.Build.0 = Debug|Any CPU
		{A546D175-8767-4799-B9AA-D35922C00B79}.Debug|x64.ActiveCfg = Debug|Any CPU
		{A546D175-8767-4799-B9AA-D35922C00B79}.Debug|x64.Build.0 = Debug|Any CPU
		{A546D175-8767-4799-B9AA-D35922C00B79}.Debug|x86.ActiveCfg = Debug|Any CPU
		{A546D175-8767-4799-B9AA-D35922C00B79}.Debug|x86.Build.0 = Debug|Any CPU
		{A546D175-8767-4799-B9AA-D35922C00B79}.Release|Any CPU.ActiveCfg = Release|Any CPU
		{A546D175-8767-4799-B9AA-D35922C00B79}.Release|Any CPU.Build.0 = Release|Any CPU
		{A546D175-8767-4799-B9AA-D35922C00B79}.Release|x64.ActiveCfg = Release|Any CPU
		{A546D175-8767-4799-B9AA-D35922C00B79}.Release|x64.Build.0 = Release|Any CPU
		{A546D175-8767-4799-B9AA-D35922C00B79}.Release|x86.ActiveCfg = Release|Any CPU
		{A546D175-8767-4799-B9AA-D35922C00B79}.Release|x86.Build.0 = Release|Any CPU
		{02FB50C1-B955-4287-B8EE-5EFC3D7D8C1B}.Debug|Any CPU.ActiveCfg = Debug|Any CPU
		{02FB50C1-B955-4287-B8EE-5EFC3D7D8C1B}.Debug|Any CPU.Build.0 = Debug|Any CPU
		{02FB50C1-B955-4287-B8EE-5EFC3D7D8C1B}.Debug|x64.ActiveCfg = Debug|Any CPU
		{02FB50C1-B955-4287-B8EE-5EFC3D7D8C1B}.Debug|x64.Build.0 = Debug|Any CPU
		{02FB50C1-B955-4287-B8EE-5EFC3D7D8C1B}.Debug|x86.ActiveCfg = Debug|Any CPU
		{02FB50C1-B955-4287-B8EE-5EFC3D7D8C1B}.Debug|x86.Build.0 = Debug|Any CPU
		{02FB50C1-B955-4287-B8EE-5EFC3D7D8C1B}.Release|Any CPU.ActiveCfg = Release|Any CPU
		{02FB50C1-B955-4287-B8EE-5EFC3D7D8C1B}.Release|Any CPU.Build.0 = Release|Any CPU
		{02FB50C1-B955-4287-B8EE-5EFC3D7D8C1B}.Release|x64.ActiveCfg = Release|Any CPU
		{02FB50C1-B955-4287-B8EE-5EFC3D7D8C1B}.Release|x64.Build.0 = Release|Any CPU
		{02FB50C1-B955-4287-B8EE-5EFC3D7D8C1B}.Release|x86.ActiveCfg = Release|Any CPU
		{02FB50C1-B955-4287-B8EE-5EFC3D7D8C1B}.Release|x86.Build.0 = Release|Any CPU
		{DFA0FE81-8813-4AD8-8C79-F60710F61F16}.Debug|Any CPU.ActiveCfg = Debug|Any CPU
		{DFA0FE81-8813-4AD8-8C79-F60710F61F16}.Debug|Any CPU.Build.0 = Debug|Any CPU
		{DFA0FE81-8813-4AD8-8C79-F60710F61F16}.Debug|x64.ActiveCfg = Debug|Any CPU
		{DFA0FE81-8813-4AD8-8C79-F60710F61F16}.Debug|x64.Build.0 = Debug|Any CPU
		{DFA0FE81-8813-4AD8-8C79-F60710F61F16}.Debug|x86.ActiveCfg = Debug|Any CPU
		{DFA0FE81-8813-4AD8-8C79-F60710F61F16}.Debug|x86.Build.0 = Debug|Any CPU
		{DFA0FE81-8813-4AD8-8C79-F60710F61F16}.Release|Any CPU.ActiveCfg = Release|Any CPU
		{DFA0FE81-8813-4AD8-8C79-F60710F61F16}.Release|Any CPU.Build.0 = Release|Any CPU
		{DFA0FE81-8813-4AD8-8C79-F60710F61F16}.Release|x64.ActiveCfg = Release|Any CPU
		{DFA0FE81-8813-4AD8-8C79-F60710F61F16}.Release|x64.Build.0 = Release|Any CPU
		{DFA0FE81-8813-4AD8-8C79-F60710F61F16}.Release|x86.ActiveCfg = Release|Any CPU
		{DFA0FE81-8813-4AD8-8C79-F60710F61F16}.Release|x86.Build.0 = Release|Any CPU
		{0C734E36-F12E-4DE5-9AFA-321A142DEF7D}.Debug|Any CPU.ActiveCfg = Debug|Any CPU
		{0C734E36-F12E-4DE5-9AFA-321A142DEF7D}.Debug|Any CPU.Build.0 = Debug|Any CPU
		{0C734E36-F12E-4DE5-9AFA-321A142DEF7D}.Debug|x64.ActiveCfg = Debug|Any CPU
		{0C734E36-F12E-4DE5-9AFA-321A142DEF7D}.Debug|x64.Build.0 = Debug|Any CPU
		{0C734E36-F12E-4DE5-9AFA-321A142DEF7D}.Debug|x86.ActiveCfg = Debug|Any CPU
		{0C734E36-F12E-4DE5-9AFA-321A142DEF7D}.Debug|x86.Build.0 = Debug|Any CPU
		{0C734E36-F12E-4DE5-9AFA-321A142DEF7D}.Release|Any CPU.ActiveCfg = Release|Any CPU
		{0C734E36-F12E-4DE5-9AFA-321A142DEF7D}.Release|Any CPU.Build.0 = Release|Any CPU
		{0C734E36-F12E-4DE5-9AFA-321A142DEF7D}.Release|x64.ActiveCfg = Release|Any CPU
		{0C734E36-F12E-4DE5-9AFA-321A142DEF7D}.Release|x64.Build.0 = Release|Any CPU
		{0C734E36-F12E-4DE5-9AFA-321A142DEF7D}.Release|x86.ActiveCfg = Release|Any CPU
		{0C734E36-F12E-4DE5-9AFA-321A142DEF7D}.Release|x86.Build.0 = Release|Any CPU
	EndGlobalSection
	GlobalSection(SolutionProperties) = preSolution
		HideSolutionNode = FALSE
	EndGlobalSection
	GlobalSection(NestedProjects) = preSolution
		{3D779978-A061-4D73-8E99-C44E4F535E98} = {827E0CD3-B72D-47B6-A68D-7590B98EB39B}
		{DECBD951-125B-4013-8676-F07605AE2B5C} = {827E0CD3-B72D-47B6-A68D-7590B98EB39B}
		{1329BE98-6EA2-47D5-9533-3563EB2FE0BB} = {827E0CD3-B72D-47B6-A68D-7590B98EB39B}
		{A546D175-8767-4799-B9AA-D35922C00B79} = {827E0CD3-B72D-47B6-A68D-7590B98EB39B}
		{02FB50C1-B955-4287-B8EE-5EFC3D7D8C1B} = {0AB3BF05-4346-4AA6-1389-037BE0695223}
		{DFA0FE81-8813-4AD8-8C79-F60710F61F16} = {66320409-64EC-F7C5-3DEF-65E7510DAAD1}
		{0C734E36-F12E-4DE5-9AFA-321A142DEF7D} = {0AB3BF05-4346-4AA6-1389-037BE0695223}
	EndGlobalSection
EndGlobal
